%{"certifi": {:hex, :certifi, "0.4.0"},
  "hackney": {:hex, :hackney, "1.5.3"},
  "httpoison": {:hex, :httpoison, "0.8.2"},
  "idna": {:hex, :idna, "1.2.0"},
  "metrics": {:hex, :metrics, "1.0.1"},
  "mimerl": {:hex, :mimerl, "1.0.2"},
  "mimetype_parser": {:hex, :mimetype_parser, "0.1.2"},
  "oauth2": {:hex, :oauth2, "0.5.0"},
  "poison": {:hex, :poison, "1.5.2"},
  "ssl_verify_hostname": {:hex, :ssl_verify_hostname, "1.0.6"}}
